
Microsoft Visual Studio Solution File, Format Version 12.00
# Visual Studio Version 17
VisualStudioVersion = 17.4.33213.308
MinimumVisualStudioVersion = 10.0.40219.1
Project("{FAE04EC0-301F-11D3-BF4B-00C04F79EFBC}") = "RabbitMqTest", "RabbitMqTest\RabbitMqTest.csproj", "{1A547F7B-905A-4CA3-B37C-4EE714EA4F14}"
EndProject
Project("{FAE04EC0-301F-11D3-BF4B-00C04F79EFBC}") = "RabbitMqSubsciber", "RabbitMqSubsciber\RabbitMqSubsciber.csproj", "{88E12DD1-FCBD-4580-BC06-855421733D80}"
EndProject
Project("{FAE04EC0-301F-11D3-BF4B-00C04F79EFBC}") = "RabbbitMqMessages", "..\RabbbitMqMessages\RabbbitMqMessages.csproj", "{CD53AB5A-AD01-4B37-BB40-FDDC0D5325AE}"
EndProject
Project("{FAE04EC0-301F-11D3-BF4B-00C04F79EFBC}") = "EmailServiceSubs", "EmailServiceSubs\EmailServiceSubs.csproj", "{908D4E76-5F9D-4B5A-B4BF-B9C38BA641DF}"
EndProject
Project("{FAE04EC0-301F-11D3-BF4B-00C04F79EFBC}") = "ReportSubs", "ReportSubs\ReportSubs.csproj", "{A6983331-4D5A-48AC-8686-0ED347E2DF65}"
EndProject
Global
	GlobalSection(SolutionConfigurationPlatforms) = preSolution
		Debug|Any CPU = Debug|Any CPU
		Release|Any CPU = Release|Any CPU
	EndGlobalSection
	GlobalSection(ProjectConfigurationPlatforms) = postSolution
		{1A547F7B-905A-4CA3-B37C-4EE714EA4F14}.Debug|Any CPU.ActiveCfg = Debug|Any CPU
		{1A547F7B-905A-4CA3-B37C-4EE714EA4F14}.Debug|Any CPU.Build.0 = Debug|Any CPU
		{1A547F7B-905A-4CA3-B37C-4EE714EA4F14}.Release|Any CPU.ActiveCfg = Release|Any CPU
		{1A547F7B-905A-4CA3-B37C-4EE714EA4F14}.Release|Any CPU.Build.0 = Release|Any CPU
		{88E12DD1-FCBD-4580-BC06-855421733D80}.Debug|Any CPU.ActiveCfg = Debug|Any CPU
		{88E12DD1-FCBD-4580-BC06-855421733D80}.Debug|Any CPU.Build.0 = Debug|Any CPU
		{88E12DD1-FCBD-4580-BC06-855421733D80}.Release|Any CPU.ActiveCfg = Release|Any CPU
		{88E12DD1-FCBD-4580-BC06-855421733D80}.Release|Any CPU.Build.0 = Release|Any CPU
		{CD53AB5A-AD01-4B37-BB40-FDDC0D5325AE}.Debug|Any CPU.ActiveCfg = Debug|Any CPU
		{CD53AB5A-AD01-4B37-BB40-FDDC0D5325AE}.Debug|Any CPU.Build.0 = Debug|Any CPU
		{CD53AB5A-AD01-4B37-BB40-FDDC0D5325AE}.Release|Any CPU.ActiveCfg = Release|Any CPU
		{CD53AB5A-AD01-4B37-BB40-FDDC0D5325AE}.Release|Any CPU.Build.0 = Release|Any CPU
		{908D4E76-5F9D-4B5A-B4BF-B9C38BA641DF}.Debug|Any CPU.ActiveCfg = Debug|Any CPU
		{908D4E76-5F9D-4B5A-B4BF-B9C38BA641DF}.Debug|Any CPU.Build.0 = Debug|Any CPU
		{908D4E76-5F9D-4B5A-B4BF-B9C38BA641DF}.Release|Any CPU.ActiveCfg = Release|Any CPU
		{908D4E76-5F9D-4B5A-B4BF-B9C38BA641DF}.Release|Any CPU.Build.0 = Release|Any CPU
		{A6983331-4D5A-48AC-8686-0ED347E2DF65}.Debug|Any CPU.ActiveCfg = Debug|Any CPU
		{A6983331-4D5A-48AC-8686-0ED347E2DF65}.Debug|Any CPU.Build.0 = Debug|Any CPU
		{A6983331-4D5A-48AC-8686-0ED347E2DF65}.Release|Any CPU.ActiveCfg = Release|Any CPU
		{A6983331-4D5A-48AC-8686-0ED347E2DF65}.Release|Any CPU.Build.0 = Release|Any CPU
	EndGlobalSection
	GlobalSection(SolutionProperties) = preSolution
		HideSolutionNode = FALSE
	EndGlobalSection
	GlobalSection(ExtensibilityGlobals) = postSolution
		SolutionGuid = {805516D4-448E-4770-9AE6-2375DE0F6547}
	EndGlobalSection
EndGlobal
